
Microsoft Visual Studio Solution File, Format Version 12.00
# Visual Studio Version 16
VisualStudioVersion = 16.0.31702.278
MinimumVisualStudioVersion = 10.0.40219.1
Project("{9A19103F-16F7-4668-BE54-9A1E7A4F7556}") = "SALT_PEPER", "SALT_PEPER\SALT_PEPER.csproj", "{C4A4EBC3-E2AC-4C57-B2C4-02F82C9A148F}"
EndProject
Project("{9A19103F-16F7-4668-BE54-9A1E7A4F7556}") = "SALT_PAPER.DATA", "SALT_PAPER.DATA\SALT_PAPER.DATA.csproj", "{089A1814-FBE2-4FD9-A010-08DD28C3A872}"
EndProject
Project("{9A19103F-16F7-4668-BE54-9A1E7A4F7556}") = "SALT_PEPER.NEGOCIO", "SALT_PEPER.NEGOCIO\SALT_PEPER.NEGOCIO.csproj", "{41FDD7A7-1596-4E4A-AA46-96446796DBD7}"
EndProject
Project("{9A19103F-16F7-4668-BE54-9A1E7A4F7556}") = "SALT_PEPER.ENTIDADES", "SALT_PEPER.ENTIDADES\SALT_PEPER.ENTIDADES.csproj", "{296A97A3-3B2C-4177-8825-737260889C34}"
EndProject
Project("{FAE04EC0-301F-11D3-BF4B-00C04F79EFBC}") = "SCAFOLD", "SCAFOLD\SCAFOLD.csproj", "{74CC0950-4F52-43C1-B496-4FB106713AAA}"
EndProject
Global
	GlobalSection(SolutionConfigurationPlatforms) = preSolution
		Debug|Any CPU = Debug|Any CPU
		Release|Any CPU = Release|Any CPU
	EndGlobalSection
	GlobalSection(ProjectConfigurationPlatforms) = postSolution
		{C4A4EBC3-E2AC-4C57-B2C4-02F82C9A148F}.Debug|Any CPU.ActiveCfg = Debug|Any CPU
		{C4A4EBC3-E2AC-4C57-B2C4-02F82C9A148F}.Debug|Any CPU.Build.0 = Debug|Any CPU
		{C4A4EBC3-E2AC-4C57-B2C4-02F82C9A148F}.Release|Any CPU.ActiveCfg = Release|Any CPU
		{C4A4EBC3-E2AC-4C57-B2C4-02F82C9A148F}.Release|Any CPU.Build.0 = Release|Any CPU
		{089A1814-FBE2-4FD9-A010-08DD28C3A872}.Debug|Any CPU.ActiveCfg = Debug|Any CPU
		{089A1814-FBE2-4FD9-A010-08DD28C3A872}.Debug|Any CPU.Build.0 = Debug|Any CPU
		{089A1814-FBE2-4FD9-A010-08DD28C3A872}.Release|Any CPU.ActiveCfg = Release|Any CPU
		{089A1814-FBE2-4FD9-A010-08DD28C3A872}.Release|Any CPU.Build.0 = Release|Any CPU
		{41FDD7A7-1596-4E4A-AA46-96446796DBD7}.Debug|Any CPU.ActiveCfg = Debug|Any CPU
		{41FDD7A7-1596-4E4A-AA46-96446796DBD7}.Debug|Any CPU.Build.0 = Debug|Any CPU
		{41FDD7A7-1596-4E4A-AA46-96446796DBD7}.Release|Any CPU.ActiveCfg = Release|Any CPU
		{41FDD7A7-1596-4E4A-AA46-96446796DBD7}.Release|Any CPU.Build.0 = Release|Any CPU
		{296A97A3-3B2C-4177-8825-737260889C34}.Debug|Any CPU.ActiveCfg = Debug|Any CPU
		{296A97A3-3B2C-4177-8825-737260889C34}.Debug|Any CPU.Build.0 = Debug|Any CPU
		{296A97A3-3B2C-4177-8825-737260889C34}.Release|Any CPU.ActiveCfg = Release|Any CPU
		{296A97A3-3B2C-4177-8825-737260889C34}.Release|Any CPU.Build.0 = Release|Any CPU
		{74CC0950-4F52-43C1-B496-4FB106713AAA}.Debug|Any CPU.ActiveCfg = Debug|Any CPU
		{74CC0950-4F52-43C1-B496-4FB106713AAA}.Debug|Any CPU.Build.0 = Debug|Any CPU
		{74CC0950-4F52-43C1-B496-4FB106713AAA}.Release|Any CPU.ActiveCfg = Release|Any CPU
		{74CC0950-4F52-43C1-B496-4FB106713AAA}.Release|Any CPU.Build.0 = Release|Any CPU
	EndGlobalSection
	GlobalSection(SolutionProperties) = preSolution
		HideSolutionNode = FALSE
	EndGlobalSection
	GlobalSection(ExtensibilityGlobals) = postSolution
		SolutionGuid = {DF6CBC32-8AC1-4494-ADA7-023B17B010A3}
	EndGlobalSection
EndGlobal
